
Microsoft Visual Studio Solution File, Format Version 12.00
# Visual Studio Version 16
VisualStudioVersion = 16.0.32802.440
MinimumVisualStudioVersion = 10.0.40219.1
Project("{9A19103F-16F7-4668-BE54-9A1E7A4F7556}") = "API-Rest", "API-Rest\API-Rest.csproj", "{90DE886D-F352-4252-9815-AF8DE121FD8A}"
EndProject
Project("{9A19103F-16F7-4668-BE54-9A1E7A4F7556}") = "API-Rest.Domain", "API-Rest.Domain\API-Rest.Domain.csproj", "{F94293F9-8F41-442E-8539-A8602F19174A}"
EndProject
Project("{9A19103F-16F7-4668-BE54-9A1E7A4F7556}") = "API-Rest.Dapper", "API-Rest.Dapper\API-Rest.Dapper.csproj", "{C432584D-95B5-4F71-965F-F6DB65BC2740}"
EndProject
Project("{9A19103F-16F7-4668-BE54-9A1E7A4F7556}") = "API-Rest.Services", "API-Rest.Services\API-Rest.Services.csproj", "{4865BBBF-1ADB-4828-8677-0C423166C496}"
EndProject
Project("{FAE04EC0-301F-11D3-BF4B-00C04F79EFBC}") = "HttpClient", "HttpClient\HttpClient.csproj", "{0866A6C7-C018-443D-9766-44E6414BD4BC}"
EndProject
Global
	GlobalSection(SolutionConfigurationPlatforms) = preSolution
		Debug|Any CPU = Debug|Any CPU
		Release|Any CPU = Release|Any CPU
	EndGlobalSection
	GlobalSection(ProjectConfigurationPlatforms) = postSolution
		{90DE886D-F352-4252-9815-AF8DE121FD8A}.Debug|Any CPU.ActiveCfg = Debug|Any CPU
		{90DE886D-F352-4252-9815-AF8DE121FD8A}.Debug|Any CPU.Build.0 = Debug|Any CPU
		{90DE886D-F352-4252-9815-AF8DE121FD8A}.Release|Any CPU.ActiveCfg = Release|Any CPU
		{90DE886D-F352-4252-9815-AF8DE121FD8A}.Release|Any CPU.Build.0 = Release|Any CPU
		{F94293F9-8F41-442E-8539-A8602F19174A}.Debug|Any CPU.ActiveCfg = Debug|Any CPU
		{F94293F9-8F41-442E-8539-A8602F19174A}.Debug|Any CPU.Build.0 = Debug|Any CPU
		{F94293F9-8F41-442E-8539-A8602F19174A}.Release|Any CPU.ActiveCfg = Release|Any CPU
		{F94293F9-8F41-442E-8539-A8602F19174A}.Release|Any CPU.Build.0 = Release|Any CPU
		{C432584D-95B5-4F71-965F-F6DB65BC2740}.Debug|Any CPU.ActiveCfg = Debug|Any CPU
		{C432584D-95B5-4F71-965F-F6DB65BC2740}.Debug|Any CPU.Build.0 = Debug|Any CPU
		{C432584D-95B5-4F71-965F-F6DB65BC2740}.Release|Any CPU.ActiveCfg = Release|Any CPU
		{C432584D-95B5-4F71-965F-F6DB65BC2740}.Release|Any CPU.Build.0 = Release|Any CPU
		{4865BBBF-1ADB-4828-8677-0C423166C496}.Debug|Any CPU.ActiveCfg = Debug|Any CPU
		{4865BBBF-1ADB-4828-8677-0C423166C496}.Debug|Any CPU.Build.0 = Debug|Any CPU
		{4865BBBF-1ADB-4828-8677-0C423166C496}.Release|Any CPU.ActiveCfg = Release|Any CPU
		{4865BBBF-1ADB-4828-8677-0C423166C496}.Release|Any CPU.Build.0 = Release|Any CPU
		{0866A6C7-C018-443D-9766-44E6414BD4BC}.Debug|Any CPU.ActiveCfg = Debug|Any CPU
		{0866A6C7-C018-443D-9766-44E6414BD4BC}.Debug|Any CPU.Build.0 = Debug|Any CPU
		{0866A6C7-C018-443D-9766-44E6414BD4BC}.Release|Any CPU.ActiveCfg = Release|Any CPU
		{0866A6C7-C018-443D-9766-44E6414BD4BC}.Release|Any CPU.Build.0 = Release|Any CPU
	EndGlobalSection
	GlobalSection(SolutionProperties) = preSolution
		HideSolutionNode = FALSE
	EndGlobalSection
	GlobalSection(ExtensibilityGlobals) = postSolution
		SolutionGuid = {EED68664-6D3E-4B8B-AE53-CB31DFDF5F9F}
	EndGlobalSection
EndGlobal
